// !$*UTF8*$!
{
	archiveVersion = 1;
	classes = {
	};
	objectVersion = 50;
	objects = {

/* Begin PBXBuildFile section */
		993E8B5323B801E900F0661D /* AppDelegate.swift in Sources */ = {isa = PBXBuildFile; fileRef = 993E8B5223B801E900F0661D /* AppDelegate.swift */; };
		993E8B5523B801E900F0661D /* SceneDelegate.swift in Sources */ = {isa = PBXBuildFile; fileRef = 993E8B5423B801E900F0661D /* SceneDelegate.swift */; };
		993E8B5723B801E900F0661D /* ViewController.swift in Sources */ = {isa = PBXBuildFile; fileRef = 993E8B5623B801E900F0661D /* ViewController.swift */; };
		993E8B5A23B801E900F0661D /* Main.storyboard in Resources */ = {isa = PBXBuildFile; fileRef = 993E8B5823B801E900F0661D /* Main.storyboard */; };
		993E8B5C23B801EA00F0661D /* Assets.xcassets in Resources */ = {isa = PBXBuildFile; fileRef = 993E8B5B23B801EA00F0661D /* Assets.xcassets */; };
		993E8B5F23B801EA00F0661D /* LaunchScreen.storyboard in Resources */ = {isa = PBXBuildFile; fileRef = 993E8B5D23B801EA00F0661D /* LaunchScreen.storyboard */; };
		993E8B6A23B801EA00F0661D /* tipCalcTests.swift in Sources */ = {isa = PBXBuildFile; fileRef = 993E8B6923B801EA00F0661D /* tipCalcTests.swift */; };
		993E8B7523B801EA00F0661D /* tipCalcUITests.swift in Sources */ = {isa = PBXBuildFile; fileRef = 993E8B7423B801EA00F0661D /* tipCalcUITests.swift */; };
/* End PBXBuildFile section */

/* Begin PBXContainerItemProxy section */
		993E8B6623B801EA00F0661D /* PBXContainerItemProxy */ = {
			isa = PBXContainerItemProxy;
			containerPortal = 993E8B4723B801E900F0661D /* Project object */;
			proxyType = 1;
			remoteGlobalIDString = 993E8B4E23B801E900F0661D;
			remoteInfo = tipCalc;
		};
		993E8B7123B801EA00F0661D /* PBXContainerItemProxy */ = {
			isa = PBXContainerItemProxy;
			containerPortal = 993E8B4723B801E900F0661D /* Project object */;
			proxyType = 1;
			remoteGlobalIDString = 993E8B4E23B801E900F0661D;
			remoteInfo = tipCalc;
		};
/* End PBXContainerItemProxy section */

/* Begin PBXFileReference section */
		993E8B4F23B801E900F0661D /* tipCalc.app */ = {isa = PBXFileReference; explicitFileType = wrapper.application; includeInIndex = 0; path = tipCalc.app; sourceTree = BUILT_PRODUCTS_DIR; };
		993E8B5223B801E900F0661D /* AppDelegate.swift */ = {isa = PBXFileReference; lastKnownFileType = sourcecode.swift; path = AppDelegate.swift; sourceTree = "<group>"; };
		993E8B5423B801E900F0661D /* SceneDelegate.swift */ = {isa = PBXFileReference; lastKnownFileType = sourcecode.swift; path = SceneDelegate.swift; sourceTree = "<group>"; };
		993E8B5623B801E900F0661D /* ViewController.swift */ = {isa = PBXFileReference; lastKnownFileType = sourcecode.swift; path = ViewController.swift; sourceTree = "<group>"; };
		993E8B5923B801E900F0661D /* Base */ = {isa = PBXFileReference; lastKnownFileType = file.storyboard; name = Base; path = Base.lproj/Main.storyboard; sourceTree = "<group>"; };
		993E8B5B23B801EA00F0661D /* Assets.xcassets */ = {isa = PBXFileReference; lastKnownFileType = folder.assetcatalog; path = Assets.xcassets; sourceTree = "<group>"; };
		993E8B5E23B801EA00F0661D /* Base */ = {isa = PBXFileReference; lastKnownFileType = file.storyboard; name = Base; path = Base.lproj/LaunchScreen.storyboard; sourceTree = "<group>"; };
		993E8B6023B801EA00F0661D /* Info.plist */ = {isa = PBXFileReference; lastKnownFileType = text.plist.xml; path = Info.plist; sourceTree = "<group>"; };
		993E8B6523B801EA00F0661D /* tipCalcTests.xctest */ = {isa = PBXFileReference; explicitFileType = wrapper.cfbundle; includeInIndex = 0; path = tipCalcTests.xctest; sourceTree = BUILT_PRODUCTS_DIR; };
		993E8B6923B801EA00F0661D /* tipCalcTests.swift */ = {isa = PBXFileReference; lastKnownFileType = sourcecode.swift; path = tipCalcTests.swift; sourceTree = "<group>"; };
		993E8B6B23B801EA00F0661D /* Info.plist */ = {isa = PBXFileReference; lastKnownFileType = text.plist.xml; path = Info.plist; sourceTree = "<group>"; };
		993E8B7023B801EA00F0661D /* tipCalcUITests.xctest */ = {isa = PBXFileReference; explicitFileType = wrapper.cfbundle; includeInIndex = 0; path = tipCalcUITests.xctest; sourceTree = BUILT_PRODUCTS_DIR; };
		993E8B7423B801EA00F0661D /* tipCalcUITests.swift */ = {isa = PBXFileReference; lastKnownFileType = sourcecode.swift; path = tipCalcUITests.swift; sourceTree = "<group>"; };
		993E8B7623B801EA00F0661D /* Info.plist */ = {isa = PBXFileReference; lastKnownFileType = text.plist.xml; path = Info.plist; sourceTree = "<group>"; };
/* End PBXFileReference section */

/* Begin PBXFrameworksBuildPhase section */
		993E8B4C23B801E900F0661D /* Frameworks */ = {
			isa = PBXFrameworksBuildPhase;
			buildActionMask = 2147483647;
			files = (
			);
			runOnlyForDeploymentPostprocessing = 0;
		};
		993E8B6223B801EA00F0661D /* Frameworks */ = {
			isa = PBXFrameworksBuildPhase;
			buildActionMask = 2147483647;
			files = (
			);
			runOnlyForDeploymentPostprocessing = 0;
		};
		993E8B6D23B801EA00F0661D /* Frameworks */ = {
			isa = PBXFrameworksBuildPhase;
			buildActionMask = 2147483647;
			files = (
			);
			runOnlyForDeploymentPostprocessing = 0;
		};
/* End PBXFrameworksBuildPhase section */

/* Begin PBXGroup section */
		993E8B4623B801E900F0661D = {
			isa = PBXGroup;
			children = (
				993E8B5123B801E900F0661D /* tipCalc */,
				993E8B6823B801EA00F0661D /* tipCalcTests */,
				993E8B7323B801EA00F0661D /* tipCalcUITests */,
				993E8B5023B801E900F0661D /* Products */,
			);
			sourceTree = "<group>";
		};
		993E8B5023B801E900F0661D /* Products */ = {
			isa = PBXGroup;
			children = (
				993E8B4F23B801E900F0661D /* tipCalc.app */,
				993E8B6523B801EA00F0661D /* tipCalcTests.xctest */,
				993E8B7023B801EA00F0661D /* tipCalcUITests.xctest */,
			);
			name = Products;
			sourceTree = "<group>";
		};
		993E8B5123B801E900F0661D /* tipCalc */ = {
			isa = PBXGroup;
			children = (
				993E8B5223B801E900F0661D /* AppDelegate.swift */,
				993E8B5423B801E900F0661D /* SceneDelegate.swift */,
				993E8B5623B801E900F0661D /* ViewController.swift */,
				993E8B5823B801E900F0661D /* Main.storyboard */,
				993E8B5B23B801EA00F0661D /* Assets.xcassets */,
				993E8B5D23B801EA00F0661D /* LaunchScreen.storyboard */,
				993E8B6023B801EA00F0661D /* Info.plist */,
			);
			path = tipCalc;
			sourceTree = "<group>";
		};
		993E8B6823B801EA00F0661D /* tipCalcTests */ = {
			isa = PBXGroup;
			children = (
				993E8B6923B801EA00F0661D /* tipCalcTests.swift */,
				993E8B6B23B801EA00F0661D /* Info.plist */,
			);
			path = tipCalcTests;
			sourceTree = "<group>";
		};
		993E8B7323B801EA00F0661D /* tipCalcUITests */ = {
			isa = PBXGroup;
			children = (
				993E8B7423B801EA00F0661D /* tipCalcUITests.swift */,
				993E8B7623B801EA00F0661D /* Info.plist */,
			);
			path = tipCalcUITests;
			sourceTree = "<group>";
		};
/* End PBXGroup section */

/* Begin PBXNativeTarget section */
		993E8B4E23B801E900F0661D /* tipCalc */ = {
			isa = PBXNativeTarget;
			buildConfigurationList = 993E8B7923B801EA00F0661D /* Build configuration list for PBXNativeTarget "tipCalc" */;
			buildPhases = (
				993E8B4B23B801E900F0661D /* Sources */,
				993E8B4C23B801E900F0661D /* Frameworks */,
				993E8B4D23B801E900F0661D /* Resources */,
			);
			buildRules = (
			);
			dependencies = (
			);
			name = tipCalc;
			productName = tipCalc;
			productReference = 993E8B4F23B801E900F0661D /* tipCalc.app */;
			productType = "com.apple.product-type.application";
		};
		993E8B6423B801EA00F0661D /* tipCalcTests */ = {
			isa = PBXNativeTarget;
			buildConfigurationList = 993E8B7C23B801EA00F0661D /* Build configuration list for PBXNativeTarget "tipCalcTests" */;
			buildPhases = (
				993E8B6123B801EA00F0661D /* Sources */,
				993E8B6223B801EA00F0661D /* Frameworks */,
				993E8B6323B801EA00F0661D /* Resources */,
			);
			buildRules = (
			);
			dependencies = (
				993E8B6723B801EA00F0661D /* PBXTargetDependency */,
			);
			name = tipCalcTests;
			productName = tipCalcTests;
			productReference = 993E8B6523B801EA00F0661D /* tipCalcTests.xctest */;
			productType = "com.apple.product-type.bundle.unit-test";
		};
		993E8B6F23B801EA00F0661D /* tipCalcUITests */ = {
			isa = PBXNativeTarget;
			buildConfigurationList = 993E8B7F23B801EA00F0661D /* Build configuration list for PBXNativeTarget "tipCalcUITests" */;
			buildPhases = (
				993E8B6C23B801EA00F0661D /* Sources */,
				993E8B6D23B801EA00F0661D /* Frameworks */,
				993E8B6E23B801EA00F0661D /* Resources */,
			);
			buildRules = (
			);
			dependencies = (
				993E8B7223B801EA00F0661D /* PBXTargetDependency */,
			);
			name = tipCalcUITests;
			productName = tipCalcUITests;
			productReference = 993E8B7023B801EA00F0661D /* tipCalcUITests.xctest */;
			productType = "com.apple.product-type.bundle.ui-testing";
		};
/* End PBXNativeTarget section */

/* Begin PBXProject section */
		993E8B4723B801E900F0661D /* Project object */ = {
			isa = PBXProject;
			attributes = {
				LastSwiftUpdateCheck = 1130;
				LastUpgradeCheck = 1130;
				ORGANIZATIONNAME = "Lovpreet Hansra";
				TargetAttributes = {
					993E8B4E23B801E900F0661D = {
						CreatedOnToolsVersion = 11.3;
					};
					993E8B6423B801EA00F0661D = {
						CreatedOnToolsVersion = 11.3;
						TestTargetID = 993E8B4E23B801E900F0661D;
					};
					993E8B6F23B801EA00F0661D = {
						CreatedOnToolsVersion = 11.3;
						TestTargetID = 993E8B4E23B801E900F0661D;
					};
				};
			};
			buildConfigurationList = 993E8B4A23B801E900F0661D /* Build configuration list for PBXProject "tipCalc" */;
			compatibilityVersion = "Xcode 9.3";
			developmentRegion = en;
			hasScannedForEncodings = 0;
			knownRegions = (
				en,
				Base,
			);
			mainGroup = 993E8B4623B801E900F0661D;
			productRefGroup = 993E8B5023B801E900F0661D /* Products */;
			projectDirPath = "";
			projectRoot = "";
			targets = (
				993E8B4E23B801E900F0661D /* tipCalc */,
				993E8B6423B801EA00F0661D /* tipCalcTests */,
				993E8B6F23B801EA00F0661D /* tipCalcUITests */,
			);
		};
/* End PBXProject section */

/* Begin PBXResourcesBuildPhase section */
		993E8B4D23B801E900F0661D /* Resources */ = {
			isa = PBXResourcesBuildPhase;
			buildActionMask = 2147483647;
			files = (
				993E8B5F23B801EA00F0661D /* LaunchScreen.storyboard in Resources */,
				993E8B5C23B801EA00F0661D /* Assets.xcassets in Resources */,
				993E8B5A23B801E900F0661D /* Main.storyboard in Resources */,
			);
			runOnlyForDeploymentPostprocessing = 0;
		};
		993E8B6323B801EA00F0661D /* Resources */ = {
			isa = PBXResourcesBuildPhase;
			buildActionMask = 2147483647;
			files = (
			);
			runOnlyForDeploymentPostprocessing = 0;
		};
		993E8B6E23B801EA00F0661D /* Resources */ = {
			isa = PBXResourcesBuildPhase;
			buildActionMask = 2147483647;
			files = (
			);
			runOnlyForDeploymentPostprocessing = 0;
		};
/* End PBXResourcesBuildPhase section */

/* Begin PBXSourcesBuildPhase section */
		993E8B4B23B801E900F0661D /* Sources */ = {
			isa = PBXSourcesBuildPhase;
			buildActionMask = 2147483647;
			files = (
				993E8B5723B801E900F0661D /* ViewController.swift in Sources */,
				993E8B5323B801E900F0661D /* AppDelegate.swift in Sources */,
				993E8B5523B801E900F0661D /* SceneDelegate.swift in Sources */,
			);
			runOnlyForDeploymentPostprocessing = 0;
		};
		993E8B6123B801EA00F0661D /* Sources */ = {
			isa = PBXSourcesBuildPhase;
			buildActionMask = 2147483647;
			files = (
				993E8B6A23B801EA00F0661D /* tipCalcTests.swift in Sources */,
			);
			runOnlyForDeploymentPostprocessing = 0;
		};
		993E8B6C23B801EA00F0661D /* Sources */ = {
			isa = PBXSourcesBuildPhase;
			buildActionMask = 2147483647;
			files = (
				993E8B7523B801EA00F0661D /* tipCalcUITests.swift in Sources */,
			);
			runOnlyForDeploymentPostprocessing = 0;
		};
/* End PBXSourcesBuildPhase section */

/* Begin PBXTargetDependency section */
		993E8B6723B801EA00F0661D /* PBXTargetDependency */ = {
			isa = PBXTargetDependency;
			target = 993E8B4E23B801E900F0661D /* tipCalc */;
			targetProxy = 993E8B6623B801EA00F0661D /* PBXContainerItemProxy */;
		};
		993E8B7223B801EA00F0661D /* PBXTargetDependency */ = {
			isa = PBXTargetDependency;
			target = 993E8B4E23B801E900F0661D /* tipCalc */;
			targetProxy = 993E8B7123B801EA00F0661D /* PBXContainerItemProxy */;
		};
/* End PBXTargetDependency section */

/* Begin PBXVariantGroup section */
		993E8B5823B801E900F0661D /* Main.storyboard */ = {
			isa = PBXVariantGroup;
			children = (
				993E8B5923B801E900F0661D /* Base */,
			);
			name = Main.storyboard;
			sourceTree = "<group>";
		};
		993E8B5D23B801EA00F0661D /* LaunchScreen.storyboard */ = {
			isa = PBXVariantGroup;
			children = (
				993E8B5E23B801EA00F0661D /* Base */,
			);
			name = LaunchScreen.storyboard;
			sourceTree = "<group>";
		};
/* End PBXVariantGroup section */

/* Begin XCBuildConfiguration section */
		993E8B7723B801EA00F0661D /* Debug */ = {
			isa = XCBuildConfiguration;
			buildSettings = {
				ALWAYS_SEARCH_USER_PATHS = NO;
				CLANG_ANALYZER_NONNULL = YES;
				CLANG_ANALYZER_NUMBER_OBJECT_CONVERSION = YES_AGGRESSIVE;
				CLANG_CXX_LANGUAGE_STANDARD = "gnu++14";
				CLANG_CXX_LIBRARY = "libc++";
				CLANG_ENABLE_MODULES = YES;
				CLANG_ENABLE_OBJC_ARC = YES;
				CLANG_ENABLE_OBJC_WEAK = YES;
				CLANG_WARN_BLOCK_CAPTURE_AUTORELEASING = YES;
				CLANG_WARN_BOOL_CONVERSION = YES;
				CLANG_WARN_COMMA = YES;
				CLANG_WARN_CONSTANT_CONVERSION = YES;
				CLANG_WARN_DEPRECATED_OBJC_IMPLEMENTATIONS = YES;
				CLANG_WARN_DIRECT_OBJC_ISA_USAGE = YES_ERROR;
				CLANG_WARN_DOCUMENTATION_COMMENTS = YES;
				CLANG_WARN_EMPTY_BODY = YES;
				CLANG_WARN_ENUM_CONVERSION = YES;
				CLANG_WARN_INFINITE_RECURSION = YES;
				CLANG_WARN_INT_CONVERSION = YES;
				CLANG_WARN_NON_LITERAL_NULL_CONVERSION = YES;
				CLANG_WARN_OBJC_IMPLICIT_RETAIN_SELF = YES;
				CLANG_WARN_OBJC_LITERAL_CONVERSION = YES;
				CLANG_WARN_OBJC_ROOT_CLASS = YES_ERROR;
				CLANG_WARN_RANGE_LOOP_ANALYSIS = YES;
				CLANG_WARN_STRICT_PROTOTYPES = YES;
				CLANG_WARN_SUSPICIOUS_MOVE = YES;
				CLANG_WARN_UNGUARDED_AVAILABILITY = YES_AGGRESSIVE;
				CLANG_WARN_UNREACHABLE_CODE = YES;
				CLANG_WARN__DUPLICATE_METHOD_MATCH = YES;
				COPY_PHASE_STRIP = NO;
				DEBUG_INFORMATION_FORMAT = dwarf;
				ENABLE_STRICT_OBJC_MSGSEND = YES;
				ENABLE_TESTABILITY = YES;
				GCC_C_LANGUAGE_STANDARD = gnu11;
				GCC_DYNAMIC_NO_PIC = NO;
				GCC_NO_COMMON_BLOCKS = YES;
				GCC_OPTIMIZATION_LEVEL = 0;
				GCC_PREPROCESSOR_DEFINITIONS = (
					"DEBUG=1",
					"$(inherited)",
				);
				GCC_WARN_64_TO_32_BIT_CONVERSION = YES;
				GCC_WARN_ABOUT_RETURN_TYPE = YES_ERROR;
				GCC_WARN_UNDECLARED_SELECTOR = YES;
				GCC_WARN_UNINITIALIZED_AUTOS = YES_AGGRESSIVE;
				GCC_WARN_UNUSED_FUNCTION = YES;
				GCC_WARN_UNUSED_VARIABLE = YES;
				IPHONEOS_DEPLOYMENT_TARGET = 13.2;
				MTL_ENABLE_DEBUG_INFO = INCLUDE_SOURCE;
				MTL_FAST_MATH = YES;
				ONLY_ACTIVE_ARCH = YES;
				SDKROOT = iphoneos;
				SWIFT_ACTIVE_COMPILATION_CONDITIONS = DEBUG;
				SWIFT_OPTIMIZATION_LEVEL = "-Onone";
			};
			name = Debug;
		};
		993E8B7823B801EA00F0661D /* Release */ = {
			isa = XCBuildConfiguration;
			buildSettings = {
				ALWAYS_SEARCH_USER_PATHS = NO;
				CLANG_ANALYZER_NONNULL = YES;
				CLANG_ANALYZER_NUMBER_OBJECT_CONVERSION = YES_AGGRESSIVE;
				CLANG_CXX_LANGUAGE_STANDARD = "gnu++14";
				CLANG_CXX_LIBRARY = "libc++";
				CLANG_ENABLE_MODULES = YES;
				CLANG_ENABLE_OBJC_ARC = YES;
				CLANG_ENABLE_OBJC_WEAK = YES;
				CLANG_WARN_BLOCK_CAPTURE_AUTORELEASING = YES;
				CLANG_WARN_BOOL_CONVERSION = YES;
				CLANG_WARN_COMMA = YES;
				CLANG_WARN_CONSTANT_CONVERSION = YES;
				CLANG_WARN_DEPRECATED_OBJC_IMPLEMENTATIONS = YES;
				CLANG_WARN_DIRECT_OBJC_ISA_USAGE = YES_ERROR;
				CLANG_WARN_DOCUMENTATION_COMMENTS = YES;
				CLANG_WARN_EMPTY_BODY = YES;
				CLANG_WARN_ENUM_CONVERSION = YES;
				CLANG_WARN_INFINITE_RECURSION = YES;
				CLANG_WARN_INT_CONVERSION = YES;
				CLANG_WARN_NON_LITERAL_NULL_CONVERSION = YES;
				CLANG_WARN_OBJC_IMPLICIT_RETAIN_SELF = YES;
				CLANG_WARN_OBJC_LITERAL_CONVERSION = YES;
				CLANG_WARN_OBJC_ROOT_CLASS = YES_ERROR;
				CLANG_WARN_RANGE_LOOP_ANALYSIS = YES;
				CLANG_WARN_STRICT_PROTOTYPES = YES;
				CLANG_WARN_SUSPICIOUS_MOVE = YES;
				CLANG_WARN_UNGUARDED_AVAILABILITY = YES_AGGRESSIVE;
				CLANG_WARN_UNREACHABLE_CODE = YES;
				CLANG_WARN__DUPLICATE_METHOD_MATCH = YES;
				COPY_PHASE_STRIP = NO;
				DEBUG_INFORMATION_FORMAT = "dwarf-with-dsym";
				ENABLE_NS_ASSERTIONS = NO;
				ENABLE_STRICT_OBJC_MSGSEND = YES;
				GCC_C_LANGUAGE_STANDARD = gnu11;
				GCC_NO_COMMON_BLOCKS = YES;
				GCC_WARN_64_TO_32_BIT_CONVERSION = YES;
				GCC_WARN_ABOUT_RETURN_TYPE = YES_ERROR;
				GCC_WARN_UNDECLARED_SELECTOR = YES;
				GCC_WARN_UNINITIALIZED_AUTOS = YES_AGGRESSIVE;
				GCC_WARN_UNUSED_FUNCTION = YES;
				GCC_WARN_UNUSED_VARIABLE = YES;
				IPHONEOS_DEPLOYMENT_TARGET = 13.2;
				MTL_ENABLE_DEBUG_INFO = NO;
				MTL_FAST_MATH = YES;
				SDKROOT = iphoneos;
				SWIFT_COMPILATION_MODE = wholemodule;
				SWIFT_OPTIMIZATION_LEVEL = "-O";
				VALIDATE_PRODUCT = YES;
			};
			name = Release;
		};
		993E8B7A23B801EA00F0661D /* Debug */ = {
			isa = XCBuildConfiguration;
			buildSettings = {
				ASSETCATALOG_COMPILER_APPICON_NAME = AppIcon;
				CODE_SIGN_STYLE = Automatic;
				INFOPLIST_FILE = tipCalc/Info.plist;
				LD_RUNPATH_SEARCH_PATHS = (
					"$(inherited)",
					"@executable_path/Frameworks",
				);
				PRODUCT_BUNDLE_IDENTIFIER = lovpreet.tipCalc;
				PRODUCT_NAME = "$(TARGET_NAME)";
				SWIFT_VERSION = 5.0;
				TARGETED_DEVICE_FAMILY = "1,2";
			};
			name = Debug;
		};
		993E8B7B23B801EA00F0661D /* Release */ = {
			isa = XCBuildConfiguration;
			buildSettings = {
				ASSETCATALOG_COMPILER_APPICON_NAME = AppIcon;
				CODE_SIGN_STYLE = Automatic;
				INFOPLIST_FILE = tipCalc/Info.plist;
				LD_RUNPATH_SEARCH_PATHS = (
					"$(inherited)",
					"@executable_path/Frameworks",
				);
				PRODUCT_BUNDLE_IDENTIFIER = lovpreet.tipCalc;
				PRODUCT_NAME = "$(TARGET_NAME)";
				SWIFT_VERSION = 5.0;
				TARGETED_DEVICE_FAMILY = "1,2";
			};
			name = Release;
		};
		993E8B7D23B801EA00F0661D /* Debug */ = {
			isa = XCBuildConfiguration;
			buildSettings = {
				ALWAYS_EMBED_SWIFT_STANDARD_LIBRARIES = YES;
				BUNDLE_LOADER = "$(TEST_HOST)";
				CODE_SIGN_STYLE = Automatic;
				INFOPLIST_FILE = tipCalcTests/Info.plist;
				IPHONEOS_DEPLOYMENT_TARGET = 13.2;
				LD_RUNPATH_SEARCH_PATHS = (
					"$(inherited)",
					"@executable_path/Frameworks",
					"@loader_path/Frameworks",
				);
				PRODUCT_BUNDLE_IDENTIFIER = lovpreet.tipCalcTests;
				PRODUCT_NAME = "$(TARGET_NAME)";
				SWIFT_VERSION = 5.0;
				TARGETED_DEVICE_FAMILY = "1,2";
				TEST_HOST = "$(BUILT_PRODUCTS_DIR)/tipCalc.app/tipCalc";
			};
			name = Debug;
		};
		993E8B7E23B801EA00F0661D /* Release */ = {
			isa = XCBuildConfiguration;
			buildSettings = {
				ALWAYS_EMBED_SWIFT_STANDARD_LIBRARIES = YES;
				BUNDLE_LOADER = "$(TEST_HOST)";
				CODE_SIGN_STYLE = Automatic;
				INFOPLIST_FILE = tipCalcTests/Info.plist;
				IPHONEOS_DEPLOYMENT_TARGET = 13.2;
				LD_RUNPATH_SEARCH_PATHS = (
					"$(inherited)",
					"@executable_path/Frameworks",
					"@loader_path/Frameworks",
				);
				PRODUCT_BUNDLE_IDENTIFIER = lovpreet.tipCalcTests;
				PRODUCT_NAME = "$(TARGET_NAME)";
				SWIFT_VERSION = 5.0;
				TARGETED_DEVICE_FAMILY = "1,2";
				TEST_HOST = "$(BUILT_PRODUCTS_DIR)/tipCalc.app/tipCalc";
			};
			name = Release;
		};
		993E8B8023B801EA00F0661D /* Debug */ = {
			isa = XCBuildConfiguration;
			buildSettings = {
				ALWAYS_EMBED_SWIFT_STANDARD_LIBRARIES = YES;
				CODE_SIGN_STYLE = Automatic;
				INFOPLIST_FILE = tipCalcUITests/Info.plist;
				LD_RUNPATH_SEARCH_PATHS = (
					"$(inherited)",
					"@executable_path/Frameworks",
					"@loader_path/Frameworks",
				);
				PRODUCT_BUNDLE_IDENTIFIER = lovpreet.tipCalcUITests;
				PRODUCT_NAME = "$(TARGET_NAME)";
				SWIFT_VERSION = 5.0;
				TARGETED_DEVICE_FAMILY = "1,2";
				TEST_TARGET_NAME = tipCalc;
			};
			name = Debug;
		};
		993E8B8123B801EA00F0661D /* Release */ = {
			isa = XCBuildConfiguration;
			buildSettings = {
				ALWAYS_EMBED_SWIFT_STANDARD_LIBRARIES = YES;
				CODE_SIGN_STYLE = Automatic;
				INFOPLIST_FILE = tipCalcUITests/Info.plist;
				LD_RUNPATH_SEARCH_PATHS = (
					"$(inherited)",
					"@executable_path/Frameworks",
					"@loader_path/Frameworks",
				);
				PRODUCT_BUNDLE_IDENTIFIER = lovpreet.tipCalcUITests;
				PRODUCT_NAME = "$(TARGET_NAME)";
				SWIFT_VERSION = 5.0;
				TARGETED_DEVICE_FAMILY = "1,2";
				TEST_TARGET_NAME = tipCalc;
			};
			name = Release;
		};
/* End XCBuildConfiguration section */

/* Begin XCConfigurationList section */
		993E8B4A23B801E900F0661D /* Build configuration list for PBXProject "tipCalc" */ = {
			isa = XCConfigurationList;
			buildConfigurations = (
				993E8B7723B801EA00F0661D /* Debug */,
				993E8B7823B801EA00F0661D /* Release */,
			);
			defaultConfigurationIsVisible = 0;
			defaultConfigurationName = Release;
		};
		993E8B7923B801EA00F0661D /* Build configuration list for PBXNativeTarget "tipCalc" */ = {
			isa = XCConfigurationList;
			buildConfigurations = (
				993E8B7A23B801EA00F0661D /* Debug */,
				993E8B7B23B801EA00F0661D /* Release */,
			);
			defaultConfigurationIsVisible = 0;
			defaultConfigurationName = Release;
		};
		993E8B7C23B801EA00F0661D /* Build configuration list for PBXNativeTarget "tipCalcTests" */ = {
			isa = XCConfigurationList;
			buildConfigurations = (
				993E8B7D23B801EA00F0661D /* Debug */,
				993E8B7E23B801EA00F0661D /* Release */,
			);
			defaultConfigurationIsVisible = 0;
			defaultConfigurationName = Release;
		};
		993E8B7F23B801EA00F0661D /* Build configuration list for PBXNativeTarget "tipCalcUITests" */ = {
			isa = XCConfigurationList;
			buildConfigurations = (
				993E8B8023B801EA00F0661D /* Debug */,
				993E8B8123B801EA00F0661D /* Release */,
			);
			defaultConfigurationIsVisible = 0;
			defaultConfigurationName = Release;
		};
/* End XCConfigurationList section */
	};
	rootObject = 993E8B4723B801E900F0661D /* Project object */;
}
